
Microsoft Visual Studio Solution File, Format Version 12.00
# Visual Studio Version 17
VisualStudioVersion = 17.8.34322.80
MinimumVisualStudioVersion = 10.0.40219.1
Project("{FAE04EC0-301F-11D3-BF4B-00C04F79EFBC}") = "C#_working with numbers", "C#_working with numbers.csproj", "{0685B180-C777-4D18-B162-11B21E19A417}"
EndProject
Global
	GlobalSection(SolutionConfigurationPlatforms) = preSolution
		Debug|Any CPU = Debug|Any CPU
		Release|Any CPU = Release|Any CPU
	EndGlobalSection
	GlobalSection(ProjectConfigurationPlatforms) = postSolution
		{0685B180-C777-4D18-B162-11B21E19A417}.Debug|Any CPU.ActiveCfg = Debug|Any CPU
		{0685B180-C777-4D18-B162-11B21E19A417}.Debug|Any CPU.Build.0 = Debug|Any CPU
		{0685B180-C777-4D18-B162-11B21E19A417}.Release|Any CPU.ActiveCfg = Release|Any CPU
		{0685B180-C777-4D18-B162-11B21E19A417}.Release|Any CPU.Build.0 = Release|Any CPU
	EndGlobalSection
	GlobalSection(SolutionProperties) = preSolution
		HideSolutionNode = FALSE
	EndGlobalSection
	GlobalSection(ExtensibilityGlobals) = postSolution
		SolutionGuid = {052FD936-5D93-4C69-823B-3AC396B5037D}
	EndGlobalSection
EndGlobal
